{
  "version": 4,
  "terraform_version": "1.12.2",
  "serial": 3,
  "lineage": "fda839ed-3e16-a776-fb15-1d39a4cb2afe",
  "outputs": {
    "api_key": {
      "value": "9c2b78c8801941fdcfe06018bd238b9f0e8a7611f3b0449e5eea3309c399668302-1657e42d-ddd7-41e0-9309-ff7a68e2d77800301290316f4303",
      "type": "string",
      "sensitive": true
    },
    "static_web_app_url": {
      "value": "https://black-flower-0316f4303.2.azurestaticapps.net",
      "type": "string"
    }
  },
  "resources": [
    {
      "mode": "managed",
      "type": "azurerm_resource_group",
      "name": "main",
      "provider": "provider[\"registry.terraform.io/hashicorp/azurerm\"]",
      "instances": [
        {
          "schema_version": 0,
          "attributes": {
            "id": "/subscriptions/8db703d9-3a2c-49a9-9f7f-48fb8aa55aed/resourceGroups/rg-nextjs-app",
            "location": "westeurope",
            "managed_by": "",
            "name": "rg-nextjs-app",
            "tags": null,
            "timeouts": null
          },
          "sensitive_attributes": [],
          "identity_schema_version": 0,
          "identity": {
            "name": "rg-nextjs-app",
            "subscription_id": "8db703d9-3a2c-49a9-9f7f-48fb8aa55aed"
          },
          "private": "eyJlMmJmYjczMC1lY2FhLTExZTYtOGY4OC0zNDM2M2JjN2M0YzAiOnsiY3JlYXRlIjo1NDAwMDAwMDAwMDAwLCJkZWxldGUiOjU0MDAwMDAwMDAwMDAsInJlYWQiOjMwMDAwMDAwMDAwMCwidXBkYXRlIjo1NDAwMDAwMDAwMDAwfX0="
        }
      ]
    },
    {
      "mode": "managed",
      "type": "azurerm_static_web_app",
      "name": "main",
      "provider": "provider[\"registry.terraform.io/hashicorp/azurerm\"]",
      "instances": [
        {
          "schema_version": 0,
          "attributes": {
            "api_key": "9c2b78c8801941fdcfe06018bd238b9f0e8a7611f3b0449e5eea3309c399668302-1657e42d-ddd7-41e0-9309-ff7a68e2d77800301290316f4303",
            "app_settings": null,
            "basic_auth": [],
            "configuration_file_changes_enabled": true,
            "default_host_name": "black-flower-0316f4303.2.azurestaticapps.net",
            "id": "/subscriptions/8db703d9-3a2c-49a9-9f7f-48fb8aa55aed/resourceGroups/rg-nextjs-app/providers/Microsoft.Web/staticSites/swa-nextjs-app",
            "identity": [],
            "location": "westeurope",
            "name": "swa-nextjs-app",
            "preview_environments_enabled": true,
            "public_network_access_enabled": true,
            "repository_branch": "",
            "repository_token": "",
            "repository_url": "",
            "resource_group_name": "rg-nextjs-app",
            "sku_size": "Free",
            "sku_tier": "Free",
            "tags": null,
            "timeouts": null
          },
          "sensitive_attributes": [
            [
              {
                "type": "get_attr",
                "value": "api_key"
              }
            ],
            [
              {
                "type": "get_attr",
                "value": "repository_token"
              }
            ]
          ],
          "identity_schema_version": 0,
          "private": "eyJlMmJmYjczMC1lY2FhLTExZTYtOGY4OC0zNDM2M2JjN2M0YzAiOnsiY3JlYXRlIjoxODAwMDAwMDAwMDAwLCJkZWxldGUiOjE4MDAwMDAwMDAwMDAsInJlYWQiOjMwMDAwMDAwMDAwMCwidXBkYXRlIjoxODAwMDAwMDAwMDAwfX0=",
          "dependencies": [
            "azurerm_resource_group.main"
          ]
        }
      ]
    }
  ],
  "check_results": null
}
